// !$*UTF8*$!
{
	archiveVersion = 1;
	classes = {
	};
	objectVersion = 51;
	objects = {

/* Begin PBXBuildFile section */
		46121468BB2A21A6C69B2BD3 /* Pods_Free_Daily_Quote_WatchKit_App.framework in Frameworks */ = {isa = PBXBuildFile; fileRef = 10607D6523F6B0BF642A97B8 /* Pods_Free_Daily_Quote_WatchKit_App.framework */; };
		9262AE6D26F2236A00A5495A /* Banner.swift in Sources */ = {isa = PBXBuildFile; fileRef = 9262AE6C26F2236A00A5495A /* Banner.swift */; };
		92F7C13126F0B78000B8437B /* Free_Daily_QuoteApp.swift in Sources */ = {isa = PBXBuildFile; fileRef = 92F7C13026F0B78000B8437B /* Free_Daily_QuoteApp.swift */; };
		92F7C13326F0B78000B8437B /* ContentView.swift in Sources */ = {isa = PBXBuildFile; fileRef = 92F7C13226F0B78000B8437B /* ContentView.swift */; };
		92F7C13526F0B78200B8437B /* Assets.xcassets in Resources */ = {isa = PBXBuildFile; fileRef = 92F7C13426F0B78200B8437B /* Assets.xcassets */; };
		92F7C13826F0B78200B8437B /* Preview Assets.xcassets in Resources */ = {isa = PBXBuildFile; fileRef = 92F7C13726F0B78200B8437B /* Preview Assets.xcassets */; };
		92F7C13D26F0B78200B8437B /* Free Daily-Quote WatchKit App.app in Embed Watch Content */ = {isa = PBXBuildFile; fileRef = 92F7C13C26F0B78200B8437B /* Free Daily-Quote WatchKit App.app */; settings = {ATTRIBUTES = (RemoveHeadersOnCopy, ); }; };
		92F7C14226F0B78200B8437B /* Assets.xcassets in Resources */ = {isa = PBXBuildFile; fileRef = 92F7C14126F0B78200B8437B /* Assets.xcassets */; };
		92F7C14926F0B78300B8437B /* Free Daily-Quote WatchKit Extension.appex in Embed App Extensions */ = {isa = PBXBuildFile; fileRef = 92F7C14826F0B78300B8437B /* Free Daily-Quote WatchKit Extension.appex */; settings = {ATTRIBUTES = (RemoveHeadersOnCopy, ); }; };
		92F7C14E26F0B78300B8437B /* Free_Daily_QuoteApp.swift in Sources */ = {isa = PBXBuildFile; fileRef = 92F7C14D26F0B78300B8437B /* Free_Daily_QuoteApp.swift */; };
		92F7C15026F0B78300B8437B /* ContentView.swift in Sources */ = {isa = PBXBuildFile; fileRef = 92F7C14F26F0B78300B8437B /* ContentView.swift */; };
		92F7C15226F0B78300B8437B /* NotificationController.swift in Sources */ = {isa = PBXBuildFile; fileRef = 92F7C15126F0B78300B8437B /* NotificationController.swift */; };
		92F7C15426F0B78300B8437B /* NotificationView.swift in Sources */ = {isa = PBXBuildFile; fileRef = 92F7C15326F0B78300B8437B /* NotificationView.swift */; };
		92F7C15626F0B78300B8437B /* ComplicationController.swift in Sources */ = {isa = PBXBuildFile; fileRef = 92F7C15526F0B78300B8437B /* ComplicationController.swift */; };
		92F7C15826F0B78300B8437B /* Assets.xcassets in Resources */ = {isa = PBXBuildFile; fileRef = 92F7C15726F0B78300B8437B /* Assets.xcassets */; };
		92F7C15B26F0B78300B8437B /* Preview Assets.xcassets in Resources */ = {isa = PBXBuildFile; fileRef = 92F7C15A26F0B78300B8437B /* Preview Assets.xcassets */; };
		92F7C17126F0B98100B8437B /* Contents.swift in Sources */ = {isa = PBXBuildFile; fileRef = 92F7C17026F0B98100B8437B /* Contents.swift */; };
		92F7C17226F0B98100B8437B /* Contents.swift in Sources */ = {isa = PBXBuildFile; fileRef = 92F7C17026F0B98100B8437B /* Contents.swift */; };
		92F7C17426F0B99900B8437B /* Copyright.swift in Sources */ = {isa = PBXBuildFile; fileRef = 92F7C17326F0B99900B8437B /* Copyright.swift */; };
		92F7C17526F0B99900B8437B /* Copyright.swift in Sources */ = {isa = PBXBuildFile; fileRef = 92F7C17326F0B99900B8437B /* Copyright.swift */; };
		92F7C17726F0BBBB00B8437B /* Json4Swift_Base.swift in Sources */ = {isa = PBXBuildFile; fileRef = 92F7C17626F0BBBB00B8437B /* Json4Swift_Base.swift */; };
		92F7C17826F0BBBB00B8437B /* Json4Swift_Base.swift in Sources */ = {isa = PBXBuildFile; fileRef = 92F7C17626F0BBBB00B8437B /* Json4Swift_Base.swift */; };
		92F7C17A26F0BBCD00B8437B /* Quotes.swift in Sources */ = {isa = PBXBuildFile; fileRef = 92F7C17926F0BBCD00B8437B /* Quotes.swift */; };
		92F7C17B26F0BBCD00B8437B /* Quotes.swift in Sources */ = {isa = PBXBuildFile; fileRef = 92F7C17926F0BBCD00B8437B /* Quotes.swift */; };
		92F7C17D26F0BBDA00B8437B /* Success.swift in Sources */ = {isa = PBXBuildFile; fileRef = 92F7C17C26F0BBDA00B8437B /* Success.swift */; };
		92F7C17E26F0BBDA00B8437B /* Success.swift in Sources */ = {isa = PBXBuildFile; fileRef = 92F7C17C26F0BBDA00B8437B /* Success.swift */; };
		92F7C18026F0BBF900B8437B /* ContentModel.swift in Sources */ = {isa = PBXBuildFile; fileRef = 92F7C17F26F0BBF900B8437B /* ContentModel.swift */; };
		92F7C18126F0BBF900B8437B /* ContentModel.swift in Sources */ = {isa = PBXBuildFile; fileRef = 92F7C17F26F0BBF900B8437B /* ContentModel.swift */; };
		92F7C18C26F0C07000B8437B /* Quotes.swift in Sources */ = {isa = PBXBuildFile; fileRef = 92F7C18626F0C06F00B8437B /* Quotes.swift */; };
		92F7C18D26F0C07000B8437B /* Quotes.swift in Sources */ = {isa = PBXBuildFile; fileRef = 92F7C18626F0C06F00B8437B /* Quotes.swift */; };
		92F7C18E26F0C07000B8437B /* Contents.swift in Sources */ = {isa = PBXBuildFile; fileRef = 92F7C18726F0C06F00B8437B /* Contents.swift */; };
		92F7C18F26F0C07000B8437B /* Contents.swift in Sources */ = {isa = PBXBuildFile; fileRef = 92F7C18726F0C06F00B8437B /* Contents.swift */; };
		92F7C19026F0C07000B8437B /* Success.swift in Sources */ = {isa = PBXBuildFile; fileRef = 92F7C18826F0C06F00B8437B /* Success.swift */; };
		92F7C19126F0C07000B8437B /* Success.swift in Sources */ = {isa = PBXBuildFile; fileRef = 92F7C18826F0C06F00B8437B /* Success.swift */; };
		92F7C19226F0C07000B8437B /* Json4Swift_Base.swift in Sources */ = {isa = PBXBuildFile; fileRef = 92F7C18926F0C06F00B8437B /* Json4Swift_Base.swift */; };
		92F7C19326F0C07000B8437B /* Json4Swift_Base.swift in Sources */ = {isa = PBXBuildFile; fileRef = 92F7C18926F0C06F00B8437B /* Json4Swift_Base.swift */; };
		92F7C19426F0C07000B8437B /* Copyright.swift in Sources */ = {isa = PBXBuildFile; fileRef = 92F7C18A26F0C06F00B8437B /* Copyright.swift */; };
		92F7C19526F0C07000B8437B /* Copyright.swift in Sources */ = {isa = PBXBuildFile; fileRef = 92F7C18A26F0C06F00B8437B /* Copyright.swift */; };
		92F7C19726F0C0B900B8437B /* ContentModel.swift in Sources */ = {isa = PBXBuildFile; fileRef = 92F7C19626F0C0B800B8437B /* ContentModel.swift */; };
		92F7C19826F0C0B900B8437B /* ContentModel.swift in Sources */ = {isa = PBXBuildFile; fileRef = 92F7C19626F0C0B800B8437B /* ContentModel.swift */; };
		92F7C19A26F0CE4D00B8437B /* GoogleService-Info.plist in Resources */ = {isa = PBXBuildFile; fileRef = 92F7C19926F0CE4D00B8437B /* GoogleService-Info.plist */; };
		92F7C19B26F0CE4D00B8437B /* GoogleService-Info.plist in Resources */ = {isa = PBXBuildFile; fileRef = 92F7C19926F0CE4D00B8437B /* GoogleService-Info.plist */; };
		95278D7B26FB9ECF00E148FE /* NotificationView.swift in Sources */ = {isa = PBXBuildFile; fileRef = 95278D7A26FB9ECF00E148FE /* NotificationView.swift */; };
		95278D7E26FDF73A00E148FE /* Helper.swift in Sources */ = {isa = PBXBuildFile; fileRef = 95278D7D26FDF73A00E148FE /* Helper.swift */; };
		95278D7F26FDF73A00E148FE /* Helper.swift in Sources */ = {isa = PBXBuildFile; fileRef = 95278D7D26FDF73A00E148FE /* Helper.swift */; };
		95DF5ACA26F3EA47007F0CAC /* TextWithBackingView.swift in Sources */ = {isa = PBXBuildFile; fileRef = 95DF5AC926F3EA47007F0CAC /* TextWithBackingView.swift */; };
		95DF5ACC26F8AD6C007F0CAC /* TheySaidSoBannerView.swift in Sources */ = {isa = PBXBuildFile; fileRef = 95DF5ACB26F8AD6C007F0CAC /* TheySaidSoBannerView.swift */; };
		95DF5ACE26F8B2D3007F0CAC /* MenuView.swift in Sources */ = {isa = PBXBuildFile; fileRef = 95DF5ACD26F8B2D3007F0CAC /* MenuView.swift */; };
		95DF5AD026F914A0007F0CAC /* MainView.swift in Sources */ = {isa = PBXBuildFile; fileRef = 95DF5ACF26F914A0007F0CAC /* MainView.swift */; };
		96BB33CE685DA00E0D487012 /* Pods_Free_Daily_Quote_WatchKit_Extension.framework in Frameworks */ = {isa = PBXBuildFile; fileRef = 121CE39CC87ECEABEF071116 /* Pods_Free_Daily_Quote_WatchKit_Extension.framework */; };
		B592188E53F096C0538ED7AA /* Pods_Free_Daily_Quote.framework in Frameworks */ = {isa = PBXBuildFile; fileRef = 9829D002BB1EEC1504BF5D04 /* Pods_Free_Daily_Quote.framework */; };
/* End PBXBuildFile section */

/* Begin PBXContainerItemProxy section */
		92F7C13E26F0B78200B8437B /* PBXContainerItemProxy */ = {
			isa = PBXContainerItemProxy;
			containerPortal = 92F7C12526F0B78000B8437B /* Project object */;
			proxyType = 1;
			remoteGlobalIDString = 92F7C13B26F0B78200B8437B;
			remoteInfo = "Free Daily-Quote WatchKit App";
		};
		92F7C14A26F0B78300B8437B /* PBXContainerItemProxy */ = {
			isa = PBXContainerItemProxy;
			containerPortal = 92F7C12526F0B78000B8437B /* Project object */;
			proxyType = 1;
			remoteGlobalIDString = 92F7C14726F0B78300B8437B;
			remoteInfo = "Free Daily-Quote WatchKit Extension";
		};
/* End PBXContainerItemProxy section */

/* Begin PBXCopyFilesBuildPhase section */
		92F7C16326F0B78300B8437B /* Embed App Extensions */ = {
			isa = PBXCopyFilesBuildPhase;
			buildActionMask = 2147483647;
			dstPath = "";
			dstSubfolderSpec = 13;
			files = (
				92F7C14926F0B78300B8437B /* Free Daily-Quote WatchKit Extension.appex in Embed App Extensions */,
			);
			name = "Embed App Extensions";
			runOnlyForDeploymentPostprocessing = 0;
		};
		92F7C16726F0B78300B8437B /* Embed Watch Content */ = {
			isa = PBXCopyFilesBuildPhase;
			buildActionMask = 2147483647;
			dstPath = "$(CONTENTS_FOLDER_PATH)/Watch";
			dstSubfolderSpec = 16;
			files = (
				92F7C13D26F0B78200B8437B /* Free Daily-Quote WatchKit App.app in Embed Watch Content */,
			);
			name = "Embed Watch Content";
			runOnlyForDeploymentPostprocessing = 0;
		};
		95278D9426FDFDB400E148FE /* Embed App Extensions */ = {
			isa = PBXCopyFilesBuildPhase;
			buildActionMask = 2147483647;
			dstPath = "";
			dstSubfolderSpec = 13;
			files = (
			);
			name = "Embed App Extensions";
			runOnlyForDeploymentPostprocessing = 0;
		};
/* End PBXCopyFilesBuildPhase section */

/* Begin PBXFileReference section */
		10607D6523F6B0BF642A97B8 /* Pods_Free_Daily_Quote_WatchKit_App.framework */ = {isa = PBXFileReference; explicitFileType = wrapper.framework; includeInIndex = 0; path = Pods_Free_Daily_Quote_WatchKit_App.framework; sourceTree = BUILT_PRODUCTS_DIR; };
		121CE39CC87ECEABEF071116 /* Pods_Free_Daily_Quote_WatchKit_Extension.framework */ = {isa = PBXFileReference; explicitFileType = wrapper.framework; includeInIndex = 0; path = Pods_Free_Daily_Quote_WatchKit_Extension.framework; sourceTree = BUILT_PRODUCTS_DIR; };
		397696FAAA972B9853E1D5B6 /* Pods-Free Daily-Quote.debug.xcconfig */ = {isa = PBXFileReference; includeInIndex = 1; lastKnownFileType = text.xcconfig; name = "Pods-Free Daily-Quote.debug.xcconfig"; path = "Target Support Files/Pods-Free Daily-Quote/Pods-Free Daily-Quote.debug.xcconfig"; sourceTree = "<group>"; };
		4F190FF6CBDCDAB3E2684CAD /* Pods-Free Daily-Quote WatchKit Extension.release.xcconfig */ = {isa = PBXFileReference; includeInIndex = 1; lastKnownFileType = text.xcconfig; name = "Pods-Free Daily-Quote WatchKit Extension.release.xcconfig"; path = "Target Support Files/Pods-Free Daily-Quote WatchKit Extension/Pods-Free Daily-Quote WatchKit Extension.release.xcconfig"; sourceTree = "<group>"; };
		59C4EDE658621C3D8D931827 /* Pods-Free Daily-Quote WatchKit App.release.xcconfig */ = {isa = PBXFileReference; includeInIndex = 1; lastKnownFileType = text.xcconfig; name = "Pods-Free Daily-Quote WatchKit App.release.xcconfig"; path = "Target Support Files/Pods-Free Daily-Quote WatchKit App/Pods-Free Daily-Quote WatchKit App.release.xcconfig"; sourceTree = "<group>"; };
		66ED67A62FBC3FDEB2038861 /* Pods-Free Daily-Quote WatchKit Extension.debug.xcconfig */ = {isa = PBXFileReference; includeInIndex = 1; lastKnownFileType = text.xcconfig; name = "Pods-Free Daily-Quote WatchKit Extension.debug.xcconfig"; path = "Target Support Files/Pods-Free Daily-Quote WatchKit Extension/Pods-Free Daily-Quote WatchKit Extension.debug.xcconfig"; sourceTree = "<group>"; };
		9262AE6C26F2236A00A5495A /* Banner.swift */ = {isa = PBXFileReference; lastKnownFileType = sourcecode.swift; path = Banner.swift; sourceTree = "<group>"; };
		92F7C12D26F0B78000B8437B /* Free Daily-Quote.app */ = {isa = PBXFileReference; explicitFileType = wrapper.application; includeInIndex = 0; path = "Free Daily-Quote.app"; sourceTree = BUILT_PRODUCTS_DIR; };
		92F7C13026F0B78000B8437B /* Free_Daily_QuoteApp.swift */ = {isa = PBXFileReference; lastKnownFileType = sourcecode.swift; path = Free_Daily_QuoteApp.swift; sourceTree = "<group>"; };
		92F7C13226F0B78000B8437B /* ContentView.swift */ = {isa = PBXFileReference; lastKnownFileType = sourcecode.swift; path = ContentView.swift; sourceTree = "<group>"; };
		92F7C13426F0B78200B8437B /* Assets.xcassets */ = {isa = PBXFileReference; lastKnownFileType = folder.assetcatalog; path = Assets.xcassets; sourceTree = "<group>"; };
		92F7C13726F0B78200B8437B /* Preview Assets.xcassets */ = {isa = PBXFileReference; lastKnownFileType = folder.assetcatalog; path = "Preview Assets.xcassets"; sourceTree = "<group>"; };
		92F7C13926F0B78200B8437B /* Info.plist */ = {isa = PBXFileReference; lastKnownFileType = text.plist.xml; path = Info.plist; sourceTree = "<group>"; };
		92F7C13C26F0B78200B8437B /* Free Daily-Quote WatchKit App.app */ = {isa = PBXFileReference; explicitFileType = wrapper.application; includeInIndex = 0; path = "Free Daily-Quote WatchKit App.app"; sourceTree = BUILT_PRODUCTS_DIR; };
		92F7C14126F0B78200B8437B /* Assets.xcassets */ = {isa = PBXFileReference; lastKnownFileType = folder.assetcatalog; path = Assets.xcassets; sourceTree = "<group>"; };
		92F7C14326F0B78200B8437B /* Info.plist */ = {isa = PBXFileReference; lastKnownFileType = text.plist.xml; path = Info.plist; sourceTree = "<group>"; };
		92F7C14826F0B78300B8437B /* Free Daily-Quote WatchKit Extension.appex */ = {isa = PBXFileReference; explicitFileType = "wrapper.app-extension"; includeInIndex = 0; path = "Free Daily-Quote WatchKit Extension.appex"; sourceTree = BUILT_PRODUCTS_DIR; };
		92F7C14D26F0B78300B8437B /* Free_Daily_QuoteApp.swift */ = {isa = PBXFileReference; lastKnownFileType = sourcecode.swift; path = Free_Daily_QuoteApp.swift; sourceTree = "<group>"; };
		92F7C14F26F0B78300B8437B /* ContentView.swift */ = {isa = PBXFileReference; lastKnownFileType = sourcecode.swift; path = ContentView.swift; sourceTree = "<group>"; };
		92F7C15126F0B78300B8437B /* NotificationController.swift */ = {isa = PBXFileReference; lastKnownFileType = sourcecode.swift; path = NotificationController.swift; sourceTree = "<group>"; };
		92F7C15326F0B78300B8437B /* NotificationView.swift */ = {isa = PBXFileReference; lastKnownFileType = sourcecode.swift; path = NotificationView.swift; sourceTree = "<group>"; };
		92F7C15526F0B78300B8437B /* ComplicationController.swift */ = {isa = PBXFileReference; lastKnownFileType = sourcecode.swift; path = ComplicationController.swift; sourceTree = "<group>"; };
		92F7C15726F0B78300B8437B /* Assets.xcassets */ = {isa = PBXFileReference; lastKnownFileType = folder.assetcatalog; path = Assets.xcassets; sourceTree = "<group>"; };
		92F7C15A26F0B78300B8437B /* Preview Assets.xcassets */ = {isa = PBXFileReference; lastKnownFileType = folder.assetcatalog; path = "Preview Assets.xcassets"; sourceTree = "<group>"; };
		92F7C15C26F0B78300B8437B /* Info.plist */ = {isa = PBXFileReference; lastKnownFileType = text.plist.xml; path = Info.plist; sourceTree = "<group>"; };
		92F7C15D26F0B78300B8437B /* PushNotificationPayload.apns */ = {isa = PBXFileReference; lastKnownFileType = text; path = PushNotificationPayload.apns; sourceTree = "<group>"; };
		92F7C16F26F0B98000B8437B /* Free Daily-Quote WatchKit App-Bridging-Header.h */ = {isa = PBXFileReference; lastKnownFileType = sourcecode.c.h; path = "Free Daily-Quote WatchKit App-Bridging-Header.h"; sourceTree = "<group>"; };
		92F7C17026F0B98100B8437B /* Contents.swift */ = {isa = PBXFileReference; fileEncoding = 4; lastKnownFileType = sourcecode.swift; path = Contents.swift; sourceTree = "<group>"; };
		92F7C17326F0B99900B8437B /* Copyright.swift */ = {isa = PBXFileReference; fileEncoding = 4; lastKnownFileType = sourcecode.swift; path = Copyright.swift; sourceTree = "<group>"; };
		92F7C17626F0BBBB00B8437B /* Json4Swift_Base.swift */ = {isa = PBXFileReference; fileEncoding = 4; lastKnownFileType = sourcecode.swift; path = Json4Swift_Base.swift; sourceTree = "<group>"; };
		92F7C17926F0BBCD00B8437B /* Quotes.swift */ = {isa = PBXFileReference; fileEncoding = 4; lastKnownFileType = sourcecode.swift; path = Quotes.swift; sourceTree = "<group>"; };
		92F7C17C26F0BBDA00B8437B /* Success.swift */ = {isa = PBXFileReference; fileEncoding = 4; lastKnownFileType = sourcecode.swift; path = Success.swift; sourceTree = "<group>"; };
		92F7C17F26F0BBF900B8437B /* ContentModel.swift */ = {isa = PBXFileReference; fileEncoding = 4; lastKnownFileType = sourcecode.swift; path = ContentModel.swift; sourceTree = "<group>"; };
		92F7C18626F0C06F00B8437B /* Quotes.swift */ = {isa = PBXFileReference; fileEncoding = 4; lastKnownFileType = sourcecode.swift; name = Quotes.swift; path = "Free Daily-Quote/Model/Quotes.swift"; sourceTree = SOURCE_ROOT; };
		92F7C18726F0C06F00B8437B /* Contents.swift */ = {isa = PBXFileReference; fileEncoding = 4; lastKnownFileType = sourcecode.swift; name = Contents.swift; path = "Free Daily-Quote/Model/Contents.swift"; sourceTree = SOURCE_ROOT; };
		92F7C18826F0C06F00B8437B /* Success.swift */ = {isa = PBXFileReference; fileEncoding = 4; lastKnownFileType = sourcecode.swift; name = Success.swift; path = "Free Daily-Quote/Model/Success.swift"; sourceTree = SOURCE_ROOT; };
		92F7C18926F0C06F00B8437B /* Json4Swift_Base.swift */ = {isa = PBXFileReference; fileEncoding = 4; lastKnownFileType = sourcecode.swift; name = Json4Swift_Base.swift; path = "Free Daily-Quote/Model/Json4Swift_Base.swift"; sourceTree = SOURCE_ROOT; };
		92F7C18A26F0C06F00B8437B /* Copyright.swift */ = {isa = PBXFileReference; fileEncoding = 4; lastKnownFileType = sourcecode.swift; name = Copyright.swift; path = "Free Daily-Quote/Model/Copyright.swift"; sourceTree = SOURCE_ROOT; };
		92F7C18B26F0C07000B8437B /* Free Daily-Quote WatchKit App-Bridging-Header.h */ = {isa = PBXFileReference; fileEncoding = 4; lastKnownFileType = sourcecode.c.h; name = "Free Daily-Quote WatchKit App-Bridging-Header.h"; path = "Free Daily-Quote/Model/Free Daily-Quote WatchKit App-Bridging-Header.h"; sourceTree = SOURCE_ROOT; };
		92F7C19626F0C0B800B8437B /* ContentModel.swift */ = {isa = PBXFileReference; fileEncoding = 4; lastKnownFileType = sourcecode.swift; name = ContentModel.swift; path = "Free Daily-Quote/ViewModel/ContentModel.swift"; sourceTree = SOURCE_ROOT; };
		92F7C19926F0CE4D00B8437B /* GoogleService-Info.plist */ = {isa = PBXFileReference; fileEncoding = 4; lastKnownFileType = text.plist.xml; path = "GoogleService-Info.plist"; sourceTree = "<group>"; };
		95278D7A26FB9ECF00E148FE /* NotificationView.swift */ = {isa = PBXFileReference; lastKnownFileType = sourcecode.swift; path = NotificationView.swift; sourceTree = "<group>"; };
		95278D7D26FDF73A00E148FE /* Helper.swift */ = {isa = PBXFileReference; lastKnownFileType = sourcecode.swift; path = Helper.swift; sourceTree = "<group>"; };
		95278D8526FDFDB400E148FE /* AuthenticationServices.framework */ = {isa = PBXFileReference; lastKnownFileType = wrapper.framework; name = AuthenticationServices.framework; path = System/Library/Frameworks/AuthenticationServices.framework; sourceTree = SDKROOT; };
		95278D8826FDFDB400E148FE /* AccountAuthenticationModificationViewController.swift */ = {isa = PBXFileReference; lastKnownFileType = sourcecode.swift; path = AccountAuthenticationModificationViewController.swift; sourceTree = "<group>"; };
		95278D8B26FDFDB400E148FE /* Base */ = {isa = PBXFileReference; lastKnownFileType = file.storyboard; name = Base; path = Base.lproj/MainInterface.storyboard; sourceTree = "<group>"; };
		95278D8D26FDFDB400E148FE /* Info.plist */ = {isa = PBXFileReference; lastKnownFileType = text.plist.xml; path = Info.plist; sourceTree = "<group>"; };
		95DF5AC926F3EA47007F0CAC /* TextWithBackingView.swift */ = {isa = PBXFileReference; lastKnownFileType = sourcecode.swift; path = TextWithBackingView.swift; sourceTree = "<group>"; };
		95DF5ACB26F8AD6C007F0CAC /* TheySaidSoBannerView.swift */ = {isa = PBXFileReference; lastKnownFileType = sourcecode.swift; path = TheySaidSoBannerView.swift; sourceTree = "<group>"; };
		95DF5ACD26F8B2D3007F0CAC /* MenuView.swift */ = {isa = PBXFileReference; lastKnownFileType = sourcecode.swift; path = MenuView.swift; sourceTree = "<group>"; };
		95DF5ACF26F914A0007F0CAC /* MainView.swift */ = {isa = PBXFileReference; lastKnownFileType = sourcecode.swift; path = MainView.swift; sourceTree = "<group>"; };
		9829D002BB1EEC1504BF5D04 /* Pods_Free_Daily_Quote.framework */ = {isa = PBXFileReference; explicitFileType = wrapper.framework; includeInIndex = 0; path = Pods_Free_Daily_Quote.framework; sourceTree = BUILT_PRODUCTS_DIR; };
		C1432DF0EC71DC73AFDDCC0C /* Pods-Free Daily-Quote WatchKit App.debug.xcconfig */ = {isa = PBXFileReference; includeInIndex = 1; lastKnownFileType = text.xcconfig; name = "Pods-Free Daily-Quote WatchKit App.debug.xcconfig"; path = "Target Support Files/Pods-Free Daily-Quote WatchKit App/Pods-Free Daily-Quote WatchKit App.debug.xcconfig"; sourceTree = "<group>"; };
		EF4DEA36C32F562C32B31333 /* Pods-Free Daily-Quote.release.xcconfig */ = {isa = PBXFileReference; includeInIndex = 1; lastKnownFileType = text.xcconfig; name = "Pods-Free Daily-Quote.release.xcconfig"; path = "Target Support Files/Pods-Free Daily-Quote/Pods-Free Daily-Quote.release.xcconfig"; sourceTree = "<group>"; };
/* End PBXFileReference section */

/* Begin PBXFrameworksBuildPhase section */
		92F7C12A26F0B78000B8437B /* Frameworks */ = {
			isa = PBXFrameworksBuildPhase;
			buildActionMask = 2147483647;
			files = (
				B592188E53F096C0538ED7AA /* Pods_Free_Daily_Quote.framework in Frameworks */,
			);
			runOnlyForDeploymentPostprocessing = 0;
		};
		92F7C14526F0B78300B8437B /* Frameworks */ = {
			isa = PBXFrameworksBuildPhase;
			buildActionMask = 2147483647;
			files = (
				96BB33CE685DA00E0D487012 /* Pods_Free_Daily_Quote_WatchKit_Extension.framework in Frameworks */,
			);
			runOnlyForDeploymentPostprocessing = 0;
		};
		BD1F8ED1F564B0E0D11D9940 /* Frameworks */ = {
			isa = PBXFrameworksBuildPhase;
			buildActionMask = 2147483647;
			files = (
				46121468BB2A21A6C69B2BD3 /* Pods_Free_Daily_Quote_WatchKit_App.framework in Frameworks */,
			);
			runOnlyForDeploymentPostprocessing = 0;
		};
/* End PBXFrameworksBuildPhase section */

/* Begin PBXGroup section */
		0CA1E6031D8C455737E7FDE0 /* Pods */ = {
			isa = PBXGroup;
			children = (
				397696FAAA972B9853E1D5B6 /* Pods-Free Daily-Quote.debug.xcconfig */,
				EF4DEA36C32F562C32B31333 /* Pods-Free Daily-Quote.release.xcconfig */,
				C1432DF0EC71DC73AFDDCC0C /* Pods-Free Daily-Quote WatchKit App.debug.xcconfig */,
				59C4EDE658621C3D8D931827 /* Pods-Free Daily-Quote WatchKit App.release.xcconfig */,
				66ED67A62FBC3FDEB2038861 /* Pods-Free Daily-Quote WatchKit Extension.debug.xcconfig */,
				4F190FF6CBDCDAB3E2684CAD /* Pods-Free Daily-Quote WatchKit Extension.release.xcconfig */,
			);
			path = Pods;
			sourceTree = "<group>";
		};
		92DA9BC681BE134D41E4B853 /* Frameworks */ = {
			isa = PBXGroup;
			children = (
				9829D002BB1EEC1504BF5D04 /* Pods_Free_Daily_Quote.framework */,
				10607D6523F6B0BF642A97B8 /* Pods_Free_Daily_Quote_WatchKit_App.framework */,
				121CE39CC87ECEABEF071116 /* Pods_Free_Daily_Quote_WatchKit_Extension.framework */,
				95278D8526FDFDB400E148FE /* AuthenticationServices.framework */,
			);
			name = Frameworks;
			sourceTree = "<group>";
		};
		92F7C12426F0B78000B8437B = {
			isa = PBXGroup;
			children = (
				92F7C12F26F0B78000B8437B /* Free Daily-Quote */,
				92F7C14026F0B78200B8437B /* Free Daily-Quote WatchKit App */,
				92F7C14C26F0B78300B8437B /* Free Daily-Quote WatchKit Extension */,
				95278D8726FDFDB400E148FE /* Free Daily Quote */,
				92F7C12E26F0B78000B8437B /* Products */,
				0CA1E6031D8C455737E7FDE0 /* Pods */,
				92DA9BC681BE134D41E4B853 /* Frameworks */,
			);
			sourceTree = "<group>";
		};
		92F7C12E26F0B78000B8437B /* Products */ = {
			isa = PBXGroup;
			children = (
				92F7C12D26F0B78000B8437B /* Free Daily-Quote.app */,
				92F7C13C26F0B78200B8437B /* Free Daily-Quote WatchKit App.app */,
				92F7C14826F0B78300B8437B /* Free Daily-Quote WatchKit Extension.appex */,
			);
			name = Products;
			sourceTree = "<group>";
		};
		92F7C12F26F0B78000B8437B /* Free Daily-Quote */ = {
			isa = PBXGroup;
			children = (
				92F7C13026F0B78000B8437B /* Free_Daily_QuoteApp.swift */,
				92F7C16E26F0B91900B8437B /* View */,
				92F7C16D26F0B90700B8437B /* ViewModel */,
				92F7C16C26F0B8FA00B8437B /* Model */,
				95278D7C26FDF71C00E148FE /* Helpers */,
				92F7C13426F0B78200B8437B /* Assets.xcassets */,
				92F7C13926F0B78200B8437B /* Info.plist */,
				92F7C19926F0CE4D00B8437B /* GoogleService-Info.plist */,
				92F7C13626F0B78200B8437B /* Preview Content */,
			);
			path = "Free Daily-Quote";
			sourceTree = "<group>";
		};
		92F7C13626F0B78200B8437B /* Preview Content */ = {
			isa = PBXGroup;
			children = (
				92F7C13726F0B78200B8437B /* Preview Assets.xcassets */,
			);
			path = "Preview Content";
			sourceTree = "<group>";
		};
		92F7C14026F0B78200B8437B /* Free Daily-Quote WatchKit App */ = {
			isa = PBXGroup;
			children = (
				92F7C14126F0B78200B8437B /* Assets.xcassets */,
				92F7C14326F0B78200B8437B /* Info.plist */,
			);
			path = "Free Daily-Quote WatchKit App";
			sourceTree = "<group>";
		};
		92F7C14C26F0B78300B8437B /* Free Daily-Quote WatchKit Extension */ = {
			isa = PBXGroup;
			children = (
				92F7C14D26F0B78300B8437B /* Free_Daily_QuoteApp.swift */,
				92F7C18526F0BF5500B8437B /* Constants */,
				92F7C18426F0BF4C00B8437B /* Views */,
				92F7C18326F0BF2000B8437B /* ViewModels */,
				92F7C18226F0BF1400B8437B /* Models */,
				92F7C15126F0B78300B8437B /* NotificationController.swift */,
				92F7C15326F0B78300B8437B /* NotificationView.swift */,
				92F7C15526F0B78300B8437B /* ComplicationController.swift */,
				92F7C15726F0B78300B8437B /* Assets.xcassets */,
				92F7C15C26F0B78300B8437B /* Info.plist */,
				92F7C15D26F0B78300B8437B /* PushNotificationPayload.apns */,
				92F7C15926F0B78300B8437B /* Preview Content */,
			);
			path = "Free Daily-Quote WatchKit Extension";
			sourceTree = "<group>";
		};
		92F7C15926F0B78300B8437B /* Preview Content */ = {
			isa = PBXGroup;
			children = (
				92F7C15A26F0B78300B8437B /* Preview Assets.xcassets */,
			);
			path = "Preview Content";
			sourceTree = "<group>";
		};
		92F7C16C26F0B8FA00B8437B /* Model */ = {
			isa = PBXGroup;
			children = (
				92F7C17326F0B99900B8437B /* Copyright.swift */,
				92F7C17926F0BBCD00B8437B /* Quotes.swift */,
				92F7C17C26F0BBDA00B8437B /* Success.swift */,
				92F7C17026F0B98100B8437B /* Contents.swift */,
				92F7C17626F0BBBB00B8437B /* Json4Swift_Base.swift */,
				92F7C16F26F0B98000B8437B /* Free Daily-Quote WatchKit App-Bridging-Header.h */,
			);
			path = Model;
			sourceTree = "<group>";
		};
		92F7C16D26F0B90700B8437B /* ViewModel */ = {
			isa = PBXGroup;
			children = (
				92F7C17F26F0BBF900B8437B /* ContentModel.swift */,
			);
			path = ViewModel;
			sourceTree = "<group>";
		};
		92F7C16E26F0B91900B8437B /* View */ = {
			isa = PBXGroup;
			children = (
				92F7C13226F0B78000B8437B /* ContentView.swift */,
				9262AE6C26F2236A00A5495A /* Banner.swift */,
				95DF5AC926F3EA47007F0CAC /* TextWithBackingView.swift */,
				95DF5ACB26F8AD6C007F0CAC /* TheySaidSoBannerView.swift */,
				95DF5ACD26F8B2D3007F0CAC /* MenuView.swift */,
				95DF5ACF26F914A0007F0CAC /* MainView.swift */,
				95278D7A26FB9ECF00E148FE /* NotificationView.swift */,
			);
			path = View;
			sourceTree = "<group>";
		};
		92F7C18226F0BF1400B8437B /* Models */ = {
			isa = PBXGroup;
			children = (
				92F7C18726F0C06F00B8437B /* Contents.swift */,
				92F7C18A26F0C06F00B8437B /* Copyright.swift */,
				92F7C18B26F0C07000B8437B /* Free Daily-Quote WatchKit App-Bridging-Header.h */,
				92F7C18926F0C06F00B8437B /* Json4Swift_Base.swift */,
				92F7C18626F0C06F00B8437B /* Quotes.swift */,
				92F7C18826F0C06F00B8437B /* Success.swift */,
			);
			path = Models;
			sourceTree = "<group>";
		};
		92F7C18326F0BF2000B8437B /* ViewModels */ = {
			isa = PBXGroup;
			children = (
				92F7C19626F0C0B800B8437B /* ContentModel.swift */,
			);
			path = ViewModels;
			sourceTree = "<group>";
		};
		92F7C18426F0BF4C00B8437B /* Views */ = {
			isa = PBXGroup;
			children = (
				92F7C14F26F0B78300B8437B /* ContentView.swift */,
			);
			path = Views;
			sourceTree = "<group>";
		};
		92F7C18526F0BF5500B8437B /* Constants */ = {
			isa = PBXGroup;
			children = (
			);
			path = Constants;
			sourceTree = "<group>";
		};
		95278D7C26FDF71C00E148FE /* Helpers */ = {
			isa = PBXGroup;
			children = (
				95278D7D26FDF73A00E148FE /* Helper.swift */,
			);
			path = Helpers;
			sourceTree = "<group>";
		};
		95278D8726FDFDB400E148FE /* Free Daily Quote */ = {
			isa = PBXGroup;
			children = (
				95278D8826FDFDB400E148FE /* AccountAuthenticationModificationViewController.swift */,
				95278D8A26FDFDB400E148FE /* MainInterface.storyboard */,
				95278D8D26FDFDB400E148FE /* Info.plist */,
			);
			path = "Free Daily Quote";
			sourceTree = "<group>";
		};
/* End PBXGroup section */

/* Begin PBXNativeTarget section */
		92F7C12C26F0B78000B8437B /* Free Daily-Quote */ = {
			isa = PBXNativeTarget;
			buildConfigurationList = 92F7C16826F0B78300B8437B /* Build configuration list for PBXNativeTarget "Free Daily-Quote" */;
			buildPhases = (
				5DDE953EE935DFD7FF239E63 /* [CP] Check Pods Manifest.lock */,
				92F7C12926F0B78000B8437B /* Sources */,
				92F7C12A26F0B78000B8437B /* Frameworks */,
				92F7C12B26F0B78000B8437B /* Resources */,
				92F7C16726F0B78300B8437B /* Embed Watch Content */,
				354D6B68FD98487432E6FF6D /* [CP] Embed Pods Frameworks */,
				95278D9426FDFDB400E148FE /* Embed App Extensions */,
			);
			buildRules = (
			);
			dependencies = (
				92F7C13F26F0B78200B8437B /* PBXTargetDependency */,
			);
			name = "Free Daily-Quote";
			productName = "Free Daily-Quote";
			productReference = 92F7C12D26F0B78000B8437B /* Free Daily-Quote.app */;
			productType = "com.apple.product-type.application";
		};
		92F7C13B26F0B78200B8437B /* Free Daily-Quote WatchKit App */ = {
			isa = PBXNativeTarget;
			buildConfigurationList = 92F7C16426F0B78300B8437B /* Build configuration list for PBXNativeTarget "Free Daily-Quote WatchKit App" */;
			buildPhases = (
				190A525FDE6D8D17881D156B /* [CP] Check Pods Manifest.lock */,
				92F7C13A26F0B78200B8437B /* Resources */,
				92F7C16326F0B78300B8437B /* Embed App Extensions */,
				BD1F8ED1F564B0E0D11D9940 /* Frameworks */,
			);
			buildRules = (
			);
			dependencies = (
				92F7C14B26F0B78300B8437B /* PBXTargetDependency */,
			);
			name = "Free Daily-Quote WatchKit App";
			productName = "Free Daily-Quote WatchKit App";
			productReference = 92F7C13C26F0B78200B8437B /* Free Daily-Quote WatchKit App.app */;
			productType = "com.apple.product-type.application.watchapp2";
		};
		92F7C14726F0B78300B8437B /* Free Daily-Quote WatchKit Extension */ = {
			isa = PBXNativeTarget;
			buildConfigurationList = 92F7C16026F0B78300B8437B /* Build configuration list for PBXNativeTarget "Free Daily-Quote WatchKit Extension" */;
			buildPhases = (
				601CC874AB4E0CAA2CA80593 /* [CP] Check Pods Manifest.lock */,
				92F7C14426F0B78300B8437B /* Sources */,
				92F7C14526F0B78300B8437B /* Frameworks */,
				92F7C14626F0B78300B8437B /* Resources */,
			);
			buildRules = (
			);
			dependencies = (
			);
			name = "Free Daily-Quote WatchKit Extension";
			productName = "Free Daily-Quote WatchKit Extension";
			productReference = 92F7C14826F0B78300B8437B /* Free Daily-Quote WatchKit Extension.appex */;
			productType = "com.apple.product-type.watchkit2-extension";
		};
/* End PBXNativeTarget section */

/* Begin PBXProject section */
		92F7C12526F0B78000B8437B /* Project object */ = {
			isa = PBXProject;
			attributes = {
				LastSwiftUpdateCheck = 1300;
				LastUpgradeCheck = 1250;
				TargetAttributes = {
					92F7C12C26F0B78000B8437B = {
						CreatedOnToolsVersion = 12.5.1;
					};
					92F7C13B26F0B78200B8437B = {
						CreatedOnToolsVersion = 12.5.1;
						LastSwiftMigration = 1250;
					};
					92F7C14726F0B78300B8437B = {
						CreatedOnToolsVersion = 12.5.1;
					};
				};
			};
			buildConfigurationList = 92F7C12826F0B78000B8437B /* Build configuration list for PBXProject "Free Daily-Quote" */;
			compatibilityVersion = "Xcode 9.3";
			developmentRegion = en;
			hasScannedForEncodings = 0;
			knownRegions = (
				en,
				Base,
			);
			mainGroup = 92F7C12426F0B78000B8437B;
			productRefGroup = 92F7C12E26F0B78000B8437B /* Products */;
			projectDirPath = "";
			projectRoot = "";
			targets = (
				92F7C12C26F0B78000B8437B /* Free Daily-Quote */,
				92F7C13B26F0B78200B8437B /* Free Daily-Quote WatchKit App */,
				92F7C14726F0B78300B8437B /* Free Daily-Quote WatchKit Extension */,
			);
		};
/* End PBXProject section */

/* Begin PBXResourcesBuildPhase section */
		92F7C12B26F0B78000B8437B /* Resources */ = {
			isa = PBXResourcesBuildPhase;
			buildActionMask = 2147483647;
			files = (
				92F7C13826F0B78200B8437B /* Preview Assets.xcassets in Resources */,
				92F7C13526F0B78200B8437B /* Assets.xcassets in Resources */,
				92F7C19A26F0CE4D00B8437B /* GoogleService-Info.plist in Resources */,
			);
			runOnlyForDeploymentPostprocessing = 0;
		};
		92F7C13A26F0B78200B8437B /* Resources */ = {
			isa = PBXResourcesBuildPhase;
			buildActionMask = 2147483647;
			files = (
				92F7C14226F0B78200B8437B /* Assets.xcassets in Resources */,
			);
			runOnlyForDeploymentPostprocessing = 0;
		};
		92F7C14626F0B78300B8437B /* Resources */ = {
			isa = PBXResourcesBuildPhase;
			buildActionMask = 2147483647;
			files = (
				92F7C15B26F0B78300B8437B /* Preview Assets.xcassets in Resources */,
				92F7C15826F0B78300B8437B /* Assets.xcassets in Resources */,
				92F7C19B26F0CE4D00B8437B /* GoogleService-Info.plist in Resources */,
			);
			runOnlyForDeploymentPostprocessing = 0;
		};
/* End PBXResourcesBuildPhase section */

/* Begin PBXShellScriptBuildPhase section */
		190A525FDE6D8D17881D156B /* [CP] Check Pods Manifest.lock */ = {
			isa = PBXShellScriptBuildPhase;
			buildActionMask = 2147483647;
			files = (
			);
			inputFileListPaths = (
			);
			inputPaths = (
				"${PODS_PODFILE_DIR_PATH}/Podfile.lock",
				"${PODS_ROOT}/Manifest.lock",
			);
			name = "[CP] Check Pods Manifest.lock";
			outputFileListPaths = (
			);
			outputPaths = (
				"$(DERIVED_FILE_DIR)/Pods-Free Daily-Quote WatchKit App-checkManifestLockResult.txt",
			);
			runOnlyForDeploymentPostprocessing = 0;
			shellPath = /bin/sh;
			shellScript = "diff \"${PODS_PODFILE_DIR_PATH}/Podfile.lock\" \"${PODS_ROOT}/Manifest.lock\" > /dev/null\nif [ $? != 0 ] ; then\n    # print error to STDERR\n    echo \"error: The sandbox is not in sync with the Podfile.lock. Run 'pod install' or update your CocoaPods installation.\" >&2\n    exit 1\nfi\n# This output is used by Xcode 'outputs' to avoid re-running this script phase.\necho \"SUCCESS\" > \"${SCRIPT_OUTPUT_FILE_0}\"\n";
			showEnvVarsInLog = 0;
		};
		354D6B68FD98487432E6FF6D /* [CP] Embed Pods Frameworks */ = {
			isa = PBXShellScriptBuildPhase;
			buildActionMask = 2147483647;
			files = (
			);
			inputFileListPaths = (
				"${PODS_ROOT}/Target Support Files/Pods-Free Daily-Quote/Pods-Free Daily-Quote-frameworks-${CONFIGURATION}-input-files.xcfilelist",
			);
			name = "[CP] Embed Pods Frameworks";
			outputFileListPaths = (
				"${PODS_ROOT}/Target Support Files/Pods-Free Daily-Quote/Pods-Free Daily-Quote-frameworks-${CONFIGURATION}-output-files.xcfilelist",
			);
			runOnlyForDeploymentPostprocessing = 0;
			shellPath = /bin/sh;
			shellScript = "\"${PODS_ROOT}/Target Support Files/Pods-Free Daily-Quote/Pods-Free Daily-Quote-frameworks.sh\"\n";
			showEnvVarsInLog = 0;
		};
		5DDE953EE935DFD7FF239E63 /* [CP] Check Pods Manifest.lock */ = {
			isa = PBXShellScriptBuildPhase;
			buildActionMask = 2147483647;
			files = (
			);
			inputFileListPaths = (
			);
			inputPaths = (
				"${PODS_PODFILE_DIR_PATH}/Podfile.lock",
				"${PODS_ROOT}/Manifest.lock",
			);
			name = "[CP] Check Pods Manifest.lock";
			outputFileListPaths = (
			);
			outputPaths = (
				"$(DERIVED_FILE_DIR)/Pods-Free Daily-Quote-checkManifestLockResult.txt",
			);
			runOnlyForDeploymentPostprocessing = 0;
			shellPath = /bin/sh;
			shellScript = "diff \"${PODS_PODFILE_DIR_PATH}/Podfile.lock\" \"${PODS_ROOT}/Manifest.lock\" > /dev/null\nif [ $? != 0 ] ; then\n    # print error to STDERR\n    echo \"error: The sandbox is not in sync with the Podfile.lock. Run 'pod install' or update your CocoaPods installation.\" >&2\n    exit 1\nfi\n# This output is used by Xcode 'outputs' to avoid re-running this script phase.\necho \"SUCCESS\" > \"${SCRIPT_OUTPUT_FILE_0}\"\n";
			showEnvVarsInLog = 0;
		};
		601CC874AB4E0CAA2CA80593 /* [CP] Check Pods Manifest.lock */ = {
			isa = PBXShellScriptBuildPhase;
			buildActionMask = 2147483647;
			files = (
			);
			inputFileListPaths = (
			);
			inputPaths = (
				"${PODS_PODFILE_DIR_PATH}/Podfile.lock",
				"${PODS_ROOT}/Manifest.lock",
			);
			name = "[CP] Check Pods Manifest.lock";
			outputFileListPaths = (
			);
			outputPaths = (
				"$(DERIVED_FILE_DIR)/Pods-Free Daily-Quote WatchKit Extension-checkManifestLockResult.txt",
			);
			runOnlyForDeploymentPostprocessing = 0;
			shellPath = /bin/sh;
			shellScript = "diff \"${PODS_PODFILE_DIR_PATH}/Podfile.lock\" \"${PODS_ROOT}/Manifest.lock\" > /dev/null\nif [ $? != 0 ] ; then\n    # print error to STDERR\n    echo \"error: The sandbox is not in sync with the Podfile.lock. Run 'pod install' or update your CocoaPods installation.\" >&2\n    exit 1\nfi\n# This output is used by Xcode 'outputs' to avoid re-running this script phase.\necho \"SUCCESS\" > \"${SCRIPT_OUTPUT_FILE_0}\"\n";
			showEnvVarsInLog = 0;
		};
/* End PBXShellScriptBuildPhase section */

/* Begin PBXSourcesBuildPhase section */
		92F7C12926F0B78000B8437B /* Sources */ = {
			isa = PBXSourcesBuildPhase;
			buildActionMask = 2147483647;
			files = (
				92F7C13326F0B78000B8437B /* ContentView.swift in Sources */,
				92F7C18E26F0C07000B8437B /* Contents.swift in Sources */,
				9262AE6D26F2236A00A5495A /* Banner.swift in Sources */,
				92F7C18026F0BBF900B8437B /* ContentModel.swift in Sources */,
				92F7C17126F0B98100B8437B /* Contents.swift in Sources */,
				95DF5AD026F914A0007F0CAC /* MainView.swift in Sources */,
				92F7C19026F0C07000B8437B /* Success.swift in Sources */,
				92F7C19726F0C0B900B8437B /* ContentModel.swift in Sources */,
				95278D7E26FDF73A00E148FE /* Helper.swift in Sources */,
				92F7C19226F0C07000B8437B /* Json4Swift_Base.swift in Sources */,
				92F7C19426F0C07000B8437B /* Copyright.swift in Sources */,
				92F7C17A26F0BBCD00B8437B /* Quotes.swift in Sources */,
				92F7C13126F0B78000B8437B /* Free_Daily_QuoteApp.swift in Sources */,
				92F7C17D26F0BBDA00B8437B /* Success.swift in Sources */,
				92F7C17726F0BBBB00B8437B /* Json4Swift_Base.swift in Sources */,
				95DF5ACE26F8B2D3007F0CAC /* MenuView.swift in Sources */,
				92F7C17426F0B99900B8437B /* Copyright.swift in Sources */,
				92F7C18C26F0C07000B8437B /* Quotes.swift in Sources */,
				95DF5ACC26F8AD6C007F0CAC /* TheySaidSoBannerView.swift in Sources */,
				95DF5ACA26F3EA47007F0CAC /* TextWithBackingView.swift in Sources */,
				95278D7B26FB9ECF00E148FE /* NotificationView.swift in Sources */,
			);
			runOnlyForDeploymentPostprocessing = 0;
		};
		92F7C14426F0B78300B8437B /* Sources */ = {
			isa = PBXSourcesBuildPhase;
			buildActionMask = 2147483647;
			files = (
				92F7C15226F0B78300B8437B /* NotificationController.swift in Sources */,
				92F7C17226F0B98100B8437B /* Contents.swift in Sources */,
				92F7C15026F0B78300B8437B /* ContentView.swift in Sources */,
				92F7C19526F0C07000B8437B /* Copyright.swift in Sources */,
				92F7C17E26F0BBDA00B8437B /* Success.swift in Sources */,
				95278D7F26FDF73A00E148FE /* Helper.swift in Sources */,
				92F7C15626F0B78300B8437B /* ComplicationController.swift in Sources */,
				92F7C17526F0B99900B8437B /* Copyright.swift in Sources */,
				92F7C17826F0BBBB00B8437B /* Json4Swift_Base.swift in Sources */,
				92F7C18126F0BBF900B8437B /* ContentModel.swift in Sources */,
				92F7C19326F0C07000B8437B /* Json4Swift_Base.swift in Sources */,
				92F7C18D26F0C07000B8437B /* Quotes.swift in Sources */,
				92F7C14E26F0B78300B8437B /* Free_Daily_QuoteApp.swift in Sources */,
				92F7C19826F0C0B900B8437B /* ContentModel.swift in Sources */,
				92F7C15426F0B78300B8437B /* NotificationView.swift in Sources */,
				92F7C19126F0C07000B8437B /* Success.swift in Sources */,
				92F7C18F26F0C07000B8437B /* Contents.swift in Sources */,
				92F7C17B26F0BBCD00B8437B /* Quotes.swift in Sources */,
			);
			runOnlyForDeploymentPostprocessing = 0;
		};
/* End PBXSourcesBuildPhase section */

/* Begin PBXTargetDependency section */
		92F7C13F26F0B78200B8437B /* PBXTargetDependency */ = {
			isa = PBXTargetDependency;
			target = 92F7C13B26F0B78200B8437B /* Free Daily-Quote WatchKit App */;
			targetProxy = 92F7C13E26F0B78200B8437B /* PBXContainerItemProxy */;
		};
		92F7C14B26F0B78300B8437B /* PBXTargetDependency */ = {
			isa = PBXTargetDependency;
			target = 92F7C14726F0B78300B8437B /* Free Daily-Quote WatchKit Extension */;
			targetProxy = 92F7C14A26F0B78300B8437B /* PBXContainerItemProxy */;
		};
/* End PBXTargetDependency section */

/* Begin PBXVariantGroup section */
		95278D8A26FDFDB400E148FE /* MainInterface.storyboard */ = {
			isa = PBXVariantGroup;
			children = (
				95278D8B26FDFDB400E148FE /* Base */,
			);
			name = MainInterface.storyboard;
			sourceTree = "<group>";
		};
/* End PBXVariantGroup section */

/* Begin XCBuildConfiguration section */
		92F7C15E26F0B78300B8437B /* Debug */ = {
			isa = XCBuildConfiguration;
			buildSettings = {
				ALWAYS_SEARCH_USER_PATHS = NO;
				CLANG_ANALYZER_NONNULL = YES;
				CLANG_ANALYZER_NUMBER_OBJECT_CONVERSION = YES_AGGRESSIVE;
				CLANG_CXX_LANGUAGE_STANDARD = "gnu++14";
				CLANG_CXX_LIBRARY = "libc++";
				CLANG_ENABLE_MODULES = YES;
				CLANG_ENABLE_OBJC_ARC = YES;
				CLANG_ENABLE_OBJC_WEAK = YES;
				CLANG_WARN_BLOCK_CAPTURE_AUTORELEASING = YES;
				CLANG_WARN_BOOL_CONVERSION = YES;
				CLANG_WARN_COMMA = YES;
				CLANG_WARN_CONSTANT_CONVERSION = YES;
				CLANG_WARN_DEPRECATED_OBJC_IMPLEMENTATIONS = YES;
				CLANG_WARN_DIRECT_OBJC_ISA_USAGE = YES_ERROR;
				CLANG_WARN_DOCUMENTATION_COMMENTS = YES;
				CLANG_WARN_EMPTY_BODY = YES;
				CLANG_WARN_ENUM_CONVERSION = YES;
				CLANG_WARN_INFINITE_RECURSION = YES;
				CLANG_WARN_INT_CONVERSION = YES;
				CLANG_WARN_NON_LITERAL_NULL_CONVERSION = YES;
				CLANG_WARN_OBJC_IMPLICIT_RETAIN_SELF = YES;
				CLANG_WARN_OBJC_LITERAL_CONVERSION = YES;
				CLANG_WARN_OBJC_ROOT_CLASS = YES_ERROR;
				CLANG_WARN_QUOTED_INCLUDE_IN_FRAMEWORK_HEADER = YES;
				CLANG_WARN_RANGE_LOOP_ANALYSIS = YES;
				CLANG_WARN_STRICT_PROTOTYPES = YES;
				CLANG_WARN_SUSPICIOUS_MOVE = YES;
				CLANG_WARN_UNGUARDED_AVAILABILITY = YES_AGGRESSIVE;
				CLANG_WARN_UNREACHABLE_CODE = YES;
				CLANG_WARN__DUPLICATE_METHOD_MATCH = YES;
				COPY_PHASE_STRIP = NO;
				DEBUG_INFORMATION_FORMAT = dwarf;
				ENABLE_STRICT_OBJC_MSGSEND = YES;
				ENABLE_TESTABILITY = YES;
				GCC_C_LANGUAGE_STANDARD = gnu11;
				GCC_DYNAMIC_NO_PIC = NO;
				GCC_NO_COMMON_BLOCKS = YES;
				GCC_OPTIMIZATION_LEVEL = 0;
				GCC_PREPROCESSOR_DEFINITIONS = (
					"DEBUG=1",
					"$(inherited)",
				);
				GCC_WARN_64_TO_32_BIT_CONVERSION = YES;
				GCC_WARN_ABOUT_RETURN_TYPE = YES_ERROR;
				GCC_WARN_UNDECLARED_SELECTOR = YES;
				GCC_WARN_UNINITIALIZED_AUTOS = YES_AGGRESSIVE;
				GCC_WARN_UNUSED_FUNCTION = YES;
				GCC_WARN_UNUSED_VARIABLE = YES;
				MTL_ENABLE_DEBUG_INFO = INCLUDE_SOURCE;
				MTL_FAST_MATH = YES;
				ONLY_ACTIVE_ARCH = YES;
				SWIFT_ACTIVE_COMPILATION_CONDITIONS = DEBUG;
				SWIFT_OPTIMIZATION_LEVEL = "-Onone";
			};
			name = Debug;
		};
		92F7C15F26F0B78300B8437B /* Release */ = {
			isa = XCBuildConfiguration;
			buildSettings = {
				ALWAYS_SEARCH_USER_PATHS = NO;
				CLANG_ANALYZER_NONNULL = YES;
				CLANG_ANALYZER_NUMBER_OBJECT_CONVERSION = YES_AGGRESSIVE;
				CLANG_CXX_LANGUAGE_STANDARD = "gnu++14";
				CLANG_CXX_LIBRARY = "libc++";
				CLANG_ENABLE_MODULES = YES;
				CLANG_ENABLE_OBJC_ARC = YES;
				CLANG_ENABLE_OBJC_WEAK = YES;
				CLANG_WARN_BLOCK_CAPTURE_AUTORELEASING = YES;
				CLANG_WARN_BOOL_CONVERSION = YES;
				CLANG_WARN_COMMA = YES;
				CLANG_WARN_CONSTANT_CONVERSION = YES;
				CLANG_WARN_DEPRECATED_OBJC_IMPLEMENTATIONS = YES;
				CLANG_WARN_DIRECT_OBJC_ISA_USAGE = YES_ERROR;
				CLANG_WARN_DOCUMENTATION_COMMENTS = YES;
				CLANG_WARN_EMPTY_BODY = YES;
				CLANG_WARN_ENUM_CONVERSION = YES;
				CLANG_WARN_INFINITE_RECURSION = YES;
				CLANG_WARN_INT_CONVERSION = YES;
				CLANG_WARN_NON_LITERAL_NULL_CONVERSION = YES;
				CLANG_WARN_OBJC_IMPLICIT_RETAIN_SELF = YES;
				CLANG_WARN_OBJC_LITERAL_CONVERSION = YES;
				CLANG_WARN_OBJC_ROOT_CLASS = YES_ERROR;
				CLANG_WARN_QUOTED_INCLUDE_IN_FRAMEWORK_HEADER = YES;
				CLANG_WARN_RANGE_LOOP_ANALYSIS = YES;
				CLANG_WARN_STRICT_PROTOTYPES = YES;
				CLANG_WARN_SUSPICIOUS_MOVE = YES;
				CLANG_WARN_UNGUARDED_AVAILABILITY = YES_AGGRESSIVE;
				CLANG_WARN_UNREACHABLE_CODE = YES;
				CLANG_WARN__DUPLICATE_METHOD_MATCH = YES;
				COPY_PHASE_STRIP = NO;
				DEBUG_INFORMATION_FORMAT = "dwarf-with-dsym";
				ENABLE_NS_ASSERTIONS = NO;
				ENABLE_STRICT_OBJC_MSGSEND = YES;
				GCC_C_LANGUAGE_STANDARD = gnu11;
				GCC_NO_COMMON_BLOCKS = YES;
				GCC_WARN_64_TO_32_BIT_CONVERSION = YES;
				GCC_WARN_ABOUT_RETURN_TYPE = YES_ERROR;
				GCC_WARN_UNDECLARED_SELECTOR = YES;
				GCC_WARN_UNINITIALIZED_AUTOS = YES_AGGRESSIVE;
				GCC_WARN_UNUSED_FUNCTION = YES;
				GCC_WARN_UNUSED_VARIABLE = YES;
				MTL_ENABLE_DEBUG_INFO = NO;
				MTL_FAST_MATH = YES;
				SWIFT_COMPILATION_MODE = wholemodule;
				SWIFT_OPTIMIZATION_LEVEL = "-O";
			};
			name = Release;
		};
		92F7C16126F0B78300B8437B /* Debug */ = {
			isa = XCBuildConfiguration;
			baseConfigurationReference = 66ED67A62FBC3FDEB2038861 /* Pods-Free Daily-Quote WatchKit Extension.debug.xcconfig */;
			buildSettings = {
				ASSETCATALOG_COMPILER_COMPLICATION_NAME = Complication;
				CODE_SIGN_STYLE = Automatic;
				DEVELOPMENT_ASSET_PATHS = "\"Free Daily-Quote WatchKit Extension/Preview Content\"";
				DEVELOPMENT_TEAM = 5F8GBUBLR5;
				ENABLE_PREVIEWS = YES;
				INFOPLIST_FILE = "Free Daily-Quote WatchKit Extension/Info.plist";
				LD_RUNPATH_SEARCH_PATHS = (
					"$(inherited)",
					"@executable_path/Frameworks",
					"@executable_path/../../Frameworks",
				);
				PRODUCT_BUNDLE_IDENTIFIER = "com.SalmTK.Free-Daily-Quote.watchkitapp.watchkitextension";
				PRODUCT_NAME = "${TARGET_NAME}";
				SDKROOT = watchos;
				SKIP_INSTALL = YES;
				SWIFT_VERSION = 5.0;
				TARGETED_DEVICE_FAMILY = 4;
				WATCHOS_DEPLOYMENT_TARGET = 7.4;
			};
			name = Debug;
		};
		92F7C16226F0B78300B8437B /* Release */ = {
			isa = XCBuildConfiguration;
			baseConfigurationReference = 4F190FF6CBDCDAB3E2684CAD /* Pods-Free Daily-Quote WatchKit Extension.release.xcconfig */;
			buildSettings = {
				ASSETCATALOG_COMPILER_COMPLICATION_NAME = Complication;
				CODE_SIGN_STYLE = Automatic;
				DEVELOPMENT_ASSET_PATHS = "\"Free Daily-Quote WatchKit Extension/Preview Content\"";
				DEVELOPMENT_TEAM = 5F8GBUBLR5;
				ENABLE_PREVIEWS = YES;
				INFOPLIST_FILE = "Free Daily-Quote WatchKit Extension/Info.plist";
				LD_RUNPATH_SEARCH_PATHS = (
					"$(inherited)",
					"@executable_path/Frameworks",
					"@executable_path/../../Frameworks",
				);
				PRODUCT_BUNDLE_IDENTIFIER = "com.SalmTK.Free-Daily-Quote.watchkitapp.watchkitextension";
				PRODUCT_NAME = "${TARGET_NAME}";
				SDKROOT = watchos;
				SKIP_INSTALL = YES;
				SWIFT_VERSION = 5.0;
				TARGETED_DEVICE_FAMILY = 4;
				VALIDATE_PRODUCT = YES;
				WATCHOS_DEPLOYMENT_TARGET = 7.4;
			};
			name = Release;
		};
		92F7C16526F0B78300B8437B /* Debug */ = {
			isa = XCBuildConfiguration;
			baseConfigurationReference = C1432DF0EC71DC73AFDDCC0C /* Pods-Free Daily-Quote WatchKit App.debug.xcconfig */;
			buildSettings = {
				ALWAYS_EMBED_SWIFT_STANDARD_LIBRARIES = YES;
				ASSETCATALOG_COMPILER_APPICON_NAME = AppIcon;
				ASSETCATALOG_COMPILER_GLOBAL_ACCENT_COLOR_NAME = AccentColor;
				CLANG_ENABLE_MODULES = YES;
				CODE_SIGN_STYLE = Automatic;
				DEVELOPMENT_TEAM = 5F8GBUBLR5;
				IBSC_MODULE = Free_Daily_Quote_WatchKit_Extension;
				INFOPLIST_FILE = "Free Daily-Quote WatchKit App/Info.plist";
				LD_RUNPATH_SEARCH_PATHS = (
					"$(inherited)",
					"@executable_path/../Frameworks",
					"@loader_path/../Frameworks",
				);
				PRODUCT_BUNDLE_IDENTIFIER = "com.SalmTK.Free-Daily-Quote.watchkitapp";
				PRODUCT_NAME = "$(TARGET_NAME)";
				SDKROOT = watchos;
				SKIP_INSTALL = YES;
				SWIFT_OBJC_BRIDGING_HEADER = "Free Daily-Quote/Model/Free Daily-Quote WatchKit App-Bridging-Header.h";
				SWIFT_OPTIMIZATION_LEVEL = "-Onone";
				SWIFT_VERSION = 5.0;
				TARGETED_DEVICE_FAMILY = 4;
				WATCHOS_DEPLOYMENT_TARGET = 7.4;
			};
			name = Debug;
		};
		92F7C16626F0B78300B8437B /* Release */ = {
			isa = XCBuildConfiguration;
			baseConfigurationReference = 59C4EDE658621C3D8D931827 /* Pods-Free Daily-Quote WatchKit App.release.xcconfig */;
			buildSettings = {
				ALWAYS_EMBED_SWIFT_STANDARD_LIBRARIES = YES;
				ASSETCATALOG_COMPILER_APPICON_NAME = AppIcon;
				ASSETCATALOG_COMPILER_GLOBAL_ACCENT_COLOR_NAME = AccentColor;
				CLANG_ENABLE_MODULES = YES;
				CODE_SIGN_STYLE = Automatic;
				DEVELOPMENT_TEAM = 5F8GBUBLR5;
				IBSC_MODULE = Free_Daily_Quote_WatchKit_Extension;
				INFOPLIST_FILE = "Free Daily-Quote WatchKit App/Info.plist";
				LD_RUNPATH_SEARCH_PATHS = (
					"$(inherited)",
					"@executable_path/../Frameworks",
					"@loader_path/../Frameworks",
				);
				PRODUCT_BUNDLE_IDENTIFIER = "com.SalmTK.Free-Daily-Quote.watchkitapp";
				PRODUCT_NAME = "$(TARGET_NAME)";
				SDKROOT = watchos;
				SKIP_INSTALL = YES;
				SWIFT_OBJC_BRIDGING_HEADER = "Free Daily-Quote/Model/Free Daily-Quote WatchKit App-Bridging-Header.h";
				SWIFT_VERSION = 5.0;
				TARGETED_DEVICE_FAMILY = 4;
				VALIDATE_PRODUCT = YES;
				WATCHOS_DEPLOYMENT_TARGET = 7.4;
			};
			name = Release;
		};
		92F7C16926F0B78300B8437B /* Debug */ = {
			isa = XCBuildConfiguration;
			baseConfigurationReference = 397696FAAA972B9853E1D5B6 /* Pods-Free Daily-Quote.debug.xcconfig */;
			buildSettings = {
				ALWAYS_EMBED_SWIFT_STANDARD_LIBRARIES = YES;
				ASSETCATALOG_COMPILER_APPICON_NAME = AppIcon;
				ASSETCATALOG_COMPILER_GLOBAL_ACCENT_COLOR_NAME = AccentColor;
				CODE_SIGN_STYLE = Automatic;
				DEVELOPMENT_ASSET_PATHS = "\"Free Daily-Quote/Preview Content\"";
				DEVELOPMENT_TEAM = 5F8GBUBLR5;
				ENABLE_PREVIEWS = YES;
				INFOPLIST_FILE = "Free Daily-Quote/Info.plist";
				IPHONEOS_DEPLOYMENT_TARGET = 14.5;
				LD_RUNPATH_SEARCH_PATHS = (
					"$(inherited)",
					"@executable_path/Frameworks",
				);
				PRODUCT_BUNDLE_IDENTIFIER = "com.SalmTK.Free-Daily-Quote";
				PRODUCT_NAME = "$(TARGET_NAME)";
				SDKROOT = iphoneos;
				SWIFT_VERSION = 5.0;
				TARGETED_DEVICE_FAMILY = 1;
			};
			name = Debug;
		};
		92F7C16A26F0B78300B8437B /* Release */ = {
			isa = XCBuildConfiguration;
			baseConfigurationReference = EF4DEA36C32F562C32B31333 /* Pods-Free Daily-Quote.release.xcconfig */;
			buildSettings = {
				ALWAYS_EMBED_SWIFT_STANDARD_LIBRARIES = YES;
				ASSETCATALOG_COMPILER_APPICON_NAME = AppIcon;
				ASSETCATALOG_COMPILER_GLOBAL_ACCENT_COLOR_NAME = AccentColor;
				CODE_SIGN_STYLE = Automatic;
				DEVELOPMENT_ASSET_PATHS = "\"Free Daily-Quote/Preview Content\"";
				DEVELOPMENT_TEAM = 5F8GBUBLR5;
				ENABLE_PREVIEWS = YES;
				INFOPLIST_FILE = "Free Daily-Quote/Info.plist";
				IPHONEOS_DEPLOYMENT_TARGET = 14.5;
				LD_RUNPATH_SEARCH_PATHS = (
					"$(inherited)",
					"@executable_path/Frameworks",
				);
				PRODUCT_BUNDLE_IDENTIFIER = "com.SalmTK.Free-Daily-Quote";
				PRODUCT_NAME = "$(TARGET_NAME)";
				SDKROOT = iphoneos;
				SWIFT_VERSION = 5.0;
				TARGETED_DEVICE_FAMILY = 1;
				VALIDATE_PRODUCT = YES;
			};
			name = Release;
		};
/* End XCBuildConfiguration section */

/* Begin XCConfigurationList section */
		92F7C12826F0B78000B8437B /* Build configuration list for PBXProject "Free Daily-Quote" */ = {
			isa = XCConfigurationList;
			buildConfigurations = (
				92F7C15E26F0B78300B8437B /* Debug */,
				92F7C15F26F0B78300B8437B /* Release */,
			);
			defaultConfigurationIsVisible = 0;
			defaultConfigurationName = Release;
		};
		92F7C16026F0B78300B8437B /* Build configuration list for PBXNativeTarget "Free Daily-Quote WatchKit Extension" */ = {
			isa = XCConfigurationList;
			buildConfigurations = (
				92F7C16126F0B78300B8437B /* Debug */,
				92F7C16226F0B78300B8437B /* Release */,
			);
			defaultConfigurationIsVisible = 0;
			defaultConfigurationName = Release;
		};
		92F7C16426F0B78300B8437B /* Build configuration list for PBXNativeTarget "Free Daily-Quote WatchKit App" */ = {
			isa = XCConfigurationList;
			buildConfigurations = (
				92F7C16526F0B78300B8437B /* Debug */,
				92F7C16626F0B78300B8437B /* Release */,
			);
			defaultConfigurationIsVisible = 0;
			defaultConfigurationName = Release;
		};
		92F7C16826F0B78300B8437B /* Build configuration list for PBXNativeTarget "Free Daily-Quote" */ = {
			isa = XCConfigurationList;
			buildConfigurations = (
				92F7C16926F0B78300B8437B /* Debug */,
				92F7C16A26F0B78300B8437B /* Release */,
			);
			defaultConfigurationIsVisible = 0;
			defaultConfigurationName = Release;
		};
/* End XCConfigurationList section */
	};
	rootObject = 92F7C12526F0B78000B8437B /* Project object */;
}
